
Microsoft Visual Studio Solution File, Format Version 12.00
# Visual Studio 14
VisualStudioVersion = 14.0.25420.1
MinimumVisualStudioVersion = 10.0.40219.1
Project("{2150E333-8FDC-42A3-9474-1A3956D46DE8}") = "src", "src", "{180D2CBB-4855-49CD-A61E-0D8B0FB668BC}"
EndProject
Project("{2150E333-8FDC-42A3-9474-1A3956D46DE8}") = "Solution Items", "Solution Items", "{BE064618-DEA1-4010-8C4B-98D8A2729232}"
	ProjectSection(SolutionItems) = preProject
		global.json = global.json
	EndProjectSection
EndProject
Project("{8BB2217D-0F2D-49D1-97BC-3654ED321F3B}") = "WebApiCore", "src\WebApiCore\WebApiCore.xproj", "{1030D64D-2215-4C3C-81ED-21967FF5C386}"
EndProject
Global
	GlobalSection(SolutionConfigurationPlatforms) = preSolution
		Debug|Any CPU = Debug|Any CPU
		Release|Any CPU = Release|Any CPU
	EndGlobalSection
	GlobalSection(ProjectConfigurationPlatforms) = postSolution
		{1030D64D-2215-4C3C-81ED-21967FF5C386}.Debug|Any CPU.ActiveCfg = Debug|Any CPU
		{1030D64D-2215-4C3C-81ED-21967FF5C386}.Debug|Any CPU.Build.0 = Debug|Any CPU
		{1030D64D-2215-4C3C-81ED-21967FF5C386}.Release|Any CPU.ActiveCfg = Release|Any CPU
		{1030D64D-2215-4C3C-81ED-21967FF5C386}.Release|Any CPU.Build.0 = Release|Any CPU
	EndGlobalSection
	GlobalSection(SolutionProperties) = preSolution
		HideSolutionNode = FALSE
	EndGlobalSection
	GlobalSection(NestedProjects) = preSolution
		{1030D64D-2215-4C3C-81ED-21967FF5C386} = {180D2CBB-4855-49CD-A61E-0D8B0FB668BC}
	EndGlobalSection
EndGlobal
